
Microsoft Visual Studio Solution File, Format Version 12.00
# Visual Studio Version 16
VisualStudioVersion = 16.0.29123.88
MinimumVisualStudioVersion = 10.0.40219.1
Project("{8BC9CEB8-8B4A-11D0-8D11-00A0C91BC942}") = "IMAGE_DOS_HEADER", "PE DOS Header\PE DOS Header.vcxproj", "{6609621D-238B-455B-BC48-1B5ECA6F2813}"
EndProject
Project("{8BC9CEB8-8B4A-11D0-8D11-00A0C91BC942}") = "IMAGE_FILE_HEADER", "..\NT HEADER\NT HEADER.vcxproj", "{A3BA9445-BAFC-4C09-97F8-C5296A3A7DFD}"
EndProject
Project("{8BC9CEB8-8B4A-11D0-8D11-00A0C91BC942}") = "IMAGE_OPTIONAL_HEADER", "..\IMAGE_OPTIONAL_HEADER\IMAGE_OPTIONAL_HEADER.vcxproj", "{4EC65343-E0EE-4F61-9943-47E9DA3806A0}"
EndProject
Global
	GlobalSection(SolutionConfigurationPlatforms) = preSolution
		Debug|x64 = Debug|x64
		Debug|x86 = Debug|x86
		Release|x64 = Release|x64
		Release|x86 = Release|x86
	EndGlobalSection
	GlobalSection(ProjectConfigurationPlatforms) = postSolution
		{6609621D-238B-455B-BC48-1B5ECA6F2813}.Debug|x64.ActiveCfg = Debug|x64
		{6609621D-238B-455B-BC48-1B5ECA6F2813}.Debug|x64.Build.0 = Debug|x64
		{6609621D-238B-455B-BC48-1B5ECA6F2813}.Debug|x86.ActiveCfg = Debug|Win32
		{6609621D-238B-455B-BC48-1B5ECA6F2813}.Debug|x86.Build.0 = Debug|Win32
		{6609621D-238B-455B-BC48-1B5ECA6F2813}.Release|x64.ActiveCfg = Release|x64
		{6609621D-238B-455B-BC48-1B5ECA6F2813}.Release|x64.Build.0 = Release|x64
		{6609621D-238B-455B-BC48-1B5ECA6F2813}.Release|x86.ActiveCfg = Release|Win32
		{6609621D-238B-455B-BC48-1B5ECA6F2813}.Release|x86.Build.0 = Release|Win32
		{A3BA9445-BAFC-4C09-97F8-C5296A3A7DFD}.Debug|x64.ActiveCfg = Debug|x64
		{A3BA9445-BAFC-4C09-97F8-C5296A3A7DFD}.Debug|x64.Build.0 = Debug|x64
		{A3BA9445-BAFC-4C09-97F8-C5296A3A7DFD}.Debug|x86.ActiveCfg = Debug|Win32
		{A3BA9445-BAFC-4C09-97F8-C5296A3A7DFD}.Debug|x86.Build.0 = Debug|Win32
		{A3BA9445-BAFC-4C09-97F8-C5296A3A7DFD}.Release|x64.ActiveCfg = Release|x64
		{A3BA9445-BAFC-4C09-97F8-C5296A3A7DFD}.Release|x64.Build.0 = Release|x64
		{A3BA9445-BAFC-4C09-97F8-C5296A3A7DFD}.Release|x86.ActiveCfg = Release|Win32
		{A3BA9445-BAFC-4C09-97F8-C5296A3A7DFD}.Release|x86.Build.0 = Release|Win32
		{4EC65343-E0EE-4F61-9943-47E9DA3806A0}.Debug|x64.ActiveCfg = Debug|x64
		{4EC65343-E0EE-4F61-9943-47E9DA3806A0}.Debug|x64.Build.0 = Debug|x64
		{4EC65343-E0EE-4F61-9943-47E9DA3806A0}.Debug|x86.ActiveCfg = Debug|Win32
		{4EC65343-E0EE-4F61-9943-47E9DA3806A0}.Debug|x86.Build.0 = Debug|Win32
		{4EC65343-E0EE-4F61-9943-47E9DA3806A0}.Release|x64.ActiveCfg = Release|x64
		{4EC65343-E0EE-4F61-9943-47E9DA3806A0}.Release|x64.Build.0 = Release|x64
		{4EC65343-E0EE-4F61-9943-47E9DA3806A0}.Release|x86.ActiveCfg = Release|Win32
		{4EC65343-E0EE-4F61-9943-47E9DA3806A0}.Release|x86.Build.0 = Release|Win32
	EndGlobalSection
	GlobalSection(SolutionProperties) = preSolution
		HideSolutionNode = FALSE
	EndGlobalSection
	GlobalSection(ExtensibilityGlobals) = postSolution
		SolutionGuid = {1D6F7B8E-05FB-4569-B453-E5ACC515C055}
	EndGlobalSection
EndGlobal
